// !$*UTF8*$!
{
	archiveVersion = 1;
	classes = {
	};
	objectVersion = 56;
	objects = {

/* Begin PBXBuildFile section */
		7F20D42E2C5BC3E4009D2EE5 /* ListUsers.swift in Sources */ = {isa = PBXBuildFile; fileRef = 7F20D42D2C5BC3E4009D2EE5 /* ListUsers.swift */; };
		7FD1C78A2C5A71CA00AAF4B5 /* Chat.swift in Sources */ = {isa = PBXBuildFile; fileRef = 7FD1C7892C5A71CA00AAF4B5 /* Chat.swift */; };
		7FD1C78C2C5A728D00AAF4B5 /* ChatMessage.swift in Sources */ = {isa = PBXBuildFile; fileRef = 7FD1C78B2C5A728D00AAF4B5 /* ChatMessage.swift */; };
		7FD1C78E2C5A74B200AAF4B5 /* ChatManager.swift in Sources */ = {isa = PBXBuildFile; fileRef = 7FD1C78D2C5A74B200AAF4B5 /* ChatManager.swift */; };
		816426FD2C5A70EC00B1BD90 /* InviteManager.swift in Sources */ = {isa = PBXBuildFile; fileRef = 816426FC2C5A70EC00B1BD90 /* InviteManager.swift */; };
		816426FF2C5A71A500B1BD90 /* Invite.swift in Sources */ = {isa = PBXBuildFile; fileRef = 816426FE2C5A71A500B1BD90 /* Invite.swift */; };
		816A95232C57B63800E881EC /* FeedLabsApp.swift in Sources */ = {isa = PBXBuildFile; fileRef = 816A95222C57B63800E881EC /* FeedLabsApp.swift */; };
		816A95252C57B63800E881EC /* ContentView.swift in Sources */ = {isa = PBXBuildFile; fileRef = 816A95242C57B63800E881EC /* ContentView.swift */; };
		816A95272C57B63900E881EC /* Assets.xcassets in Resources */ = {isa = PBXBuildFile; fileRef = 816A95262C57B63900E881EC /* Assets.xcassets */; };
		816A952A2C57B63900E881EC /* Preview Assets.xcassets in Resources */ = {isa = PBXBuildFile; fileRef = 816A95292C57B63900E881EC /* Preview Assets.xcassets */; };
		816A95312C57B6E500E881EC /* GoogleService-Info.plist in Resources */ = {isa = PBXBuildFile; fileRef = 816A95302C57B6E500E881EC /* GoogleService-Info.plist */; };
		816A95342C57B7C700E881EC /* FirebaseAuth in Frameworks */ = {isa = PBXBuildFile; productRef = 816A95332C57B7C700E881EC /* FirebaseAuth */; };
		816A95362C57B7C700E881EC /* FirebaseDatabase in Frameworks */ = {isa = PBXBuildFile; productRef = 816A95352C57B7C700E881EC /* FirebaseDatabase */; };
		816A95382C57B7C700E881EC /* FirebaseFirestore in Frameworks */ = {isa = PBXBuildFile; productRef = 816A95372C57B7C700E881EC /* FirebaseFirestore */; };
		816A953A2C57B7C700E881EC /* FirebaseStorage in Frameworks */ = {isa = PBXBuildFile; productRef = 816A95392C57B7C700E881EC /* FirebaseStorage */; };
		816A95432C57BB3B00E881EC /* User.swift in Sources */ = {isa = PBXBuildFile; fileRef = 816A95412C57BB3B00E881EC /* User.swift */; };
		816A95442C57BB3B00E881EC /* Event.swift in Sources */ = {isa = PBXBuildFile; fileRef = 816A95422C57BB3B00E881EC /* Event.swift */; };
		816A95482C57BB9E00E881EC /* AuthManager.swift in Sources */ = {isa = PBXBuildFile; fileRef = 816A95452C57BB9D00E881EC /* AuthManager.swift */; };
		816A95492C57BB9E00E881EC /* EventManager.swift in Sources */ = {isa = PBXBuildFile; fileRef = 816A95462C57BB9E00E881EC /* EventManager.swift */; };
		816A954A2C57BB9E00E881EC /* UserManager.swift in Sources */ = {isa = PBXBuildFile; fileRef = 816A95472C57BB9E00E881EC /* UserManager.swift */; };
		816A95522C57BC2600E881EC /* TestHomeView.swift in Sources */ = {isa = PBXBuildFile; fileRef = 816A954D2C57BC2600E881EC /* TestHomeView.swift */; };
		816A95532C57BC2600E881EC /* AddEvent.swift in Sources */ = {isa = PBXBuildFile; fileRef = 816A954E2C57BC2600E881EC /* AddEvent.swift */; };
		816A95542C57BC2600E881EC /* TestRegisterView.swift in Sources */ = {isa = PBXBuildFile; fileRef = 816A954F2C57BC2600E881EC /* TestRegisterView.swift */; };
		816A95552C57BC2600E881EC /* TestRoutes.swift in Sources */ = {isa = PBXBuildFile; fileRef = 816A95502C57BC2600E881EC /* TestRoutes.swift */; };
		816A95562C57BC2600E881EC /* TestLoginView.swift in Sources */ = {isa = PBXBuildFile; fileRef = 816A95512C57BC2600E881EC /* TestLoginView.swift */; };
		818313132C624D630035180F /* AuthRoutes.swift in Sources */ = {isa = PBXBuildFile; fileRef = 818313122C624D630035180F /* AuthRoutes.swift */; };
		818313152C6256830035180F /* RecoverPasswordView.swift in Sources */ = {isa = PBXBuildFile; fileRef = 818313142C6256820035180F /* RecoverPasswordView.swift */; };
		818313172C62658A0035180F /* PrimaryButton.swift in Sources */ = {isa = PBXBuildFile; fileRef = 818313162C62658A0035180F /* PrimaryButton.swift */; };
		81A5C0FF2C63958C00E62D6C /* Team.swift in Sources */ = {isa = PBXBuildFile; fileRef = 81A5C0FE2C63958C00E62D6C /* Team.swift */; };
		81A5C1012C6395A400E62D6C /* TeamCard.swift in Sources */ = {isa = PBXBuildFile; fileRef = 81A5C1002C6395A400E62D6C /* TeamCard.swift */; };
		81A5C1032C6395BC00E62D6C /* TeamsViewModel.swift in Sources */ = {isa = PBXBuildFile; fileRef = 81A5C1022C6395BC00E62D6C /* TeamsViewModel.swift */; };
		81A5C1052C63978500E62D6C /* TeamsManager.swift in Sources */ = {isa = PBXBuildFile; fileRef = 81A5C1042C63978500E62D6C /* TeamsManager.swift */; };
		81A5C1072C63BBDD00E62D6C /* EditTeamView.swift in Sources */ = {isa = PBXBuildFile; fileRef = 81A5C1062C63BBDD00E62D6C /* EditTeamView.swift */; };
		81A7D8172C5D240D00A10630 /* EventCard.swift in Sources */ = {isa = PBXBuildFile; fileRef = 81A7D8162C5D240D00A10630 /* EventCard.swift */; };
		81CF08792C61187F00881B21 /* HomeRoutes.swift in Sources */ = {isa = PBXBuildFile; fileRef = 81CF08782C61187F00881B21 /* HomeRoutes.swift */; };
		81D04DAE2C5BB891001F5C44 /* InviteUsersView.swift in Sources */ = {isa = PBXBuildFile; fileRef = 81D04DAD2C5BB891001F5C44 /* InviteUsersView.swift */; };
		81D5E9EE2C61122400CA1443 /* AuthCoordinator.swift in Sources */ = {isa = PBXBuildFile; fileRef = 81D5E9ED2C61122400CA1443 /* AuthCoordinator.swift */; };
		81D5E9F42C61131F00CA1443 /* EntryView.swift in Sources */ = {isa = PBXBuildFile; fileRef = 81D5E9F32C61131F00CA1443 /* EntryView.swift */; };
		81D5E9F82C61150600CA1443 /* HomeView.swift in Sources */ = {isa = PBXBuildFile; fileRef = 81D5E9F72C61150600CA1443 /* HomeView.swift */; };
		81D5E9FA2C6115C700CA1443 /* LoginView.swift in Sources */ = {isa = PBXBuildFile; fileRef = 81D5E9F92C6115C700CA1443 /* LoginView.swift */; };
		81D5E9FC2C6115DB00CA1443 /* RegisterView.swift in Sources */ = {isa = PBXBuildFile; fileRef = 81D5E9FB2C6115DB00CA1443 /* RegisterView.swift */; };
		81D5EA002C6116C400CA1443 /* ChatsView.swift in Sources */ = {isa = PBXBuildFile; fileRef = 81D5E9FF2C6116C400CA1443 /* ChatsView.swift */; };
		81D5EA022C6116D800CA1443 /* TeamsView.swift in Sources */ = {isa = PBXBuildFile; fileRef = 81D5EA012C6116D800CA1443 /* TeamsView.swift */; };
		81F68C152C664E3700111585 /* EditTeamViewModel.swift in Sources */ = {isa = PBXBuildFile; fileRef = 81F68C142C664E3700111585 /* EditTeamViewModel.swift */; };
		B2358A5E2C6B8FCF00BA0F64 /* InviteMember.swift in Sources */ = {isa = PBXBuildFile; fileRef = B2358A5D2C6B8FCF00BA0F64 /* InviteMember.swift */; };
		B2358A612C6B8FE900BA0F64 /* UserInviteCard.swift in Sources */ = {isa = PBXBuildFile; fileRef = B2358A602C6B8FE900BA0F64 /* UserInviteCard.swift */; };
		B2358A632C6BA6CE00BA0F64 /* InviteButton.swift in Sources */ = {isa = PBXBuildFile; fileRef = B2358A622C6BA6CE00BA0F64 /* InviteButton.swift */; };
		B25654BB2C64EAF7005F8CF7 /* ConfirmEvent.swift in Sources */ = {isa = PBXBuildFile; fileRef = B25654BA2C64EAF7005F8CF7 /* ConfirmEvent.swift */; };
		B25654BD2C64EB12005F8CF7 /* SecondaryButton.swift in Sources */ = {isa = PBXBuildFile; fileRef = B25654BC2C64EB12005F8CF7 /* SecondaryButton.swift */; };
		B25654C22C64FB8B005F8CF7 /* NoEventCard.swift in Sources */ = {isa = PBXBuildFile; fileRef = B25654C12C64FB8B005F8CF7 /* NoEventCard.swift */; };
		B2C2DA6A2C6A30C800EF7E75 /* SearchBar.swift in Sources */ = {isa = PBXBuildFile; fileRef = B2C2DA692C6A30C800EF7E75 /* SearchBar.swift */; };
		B2C2DA6C2C6A472A00EF7E75 /* FilterGenericPage.swift in Sources */ = {isa = PBXBuildFile; fileRef = B2C2DA6B2C6A472A00EF7E75 /* FilterGenericPage.swift */; };
		B2C2DA702C6A6A8300EF7E75 /* ChatCard.swift in Sources */ = {isa = PBXBuildFile; fileRef = B2C2DA6F2C6A6A8300EF7E75 /* ChatCard.swift */; };
		B2F56A0E2C6F6B44003FDC4D /* LeaveEvent.swift in Sources */ = {isa = PBXBuildFile; fileRef = B2F56A0D2C6F6B44003FDC4D /* LeaveEvent.swift */; };
		B2F56A102C6F8C41003FDC4D /* LeaveEventViewModel.swift in Sources */ = {isa = PBXBuildFile; fileRef = B2F56A0F2C6F8C41003FDC4D /* LeaveEventViewModel.swift */; };
		B2F56A122C6FB418003FDC4D /* InviteCardView.swift in Sources */ = {isa = PBXBuildFile; fileRef = B2F56A112C6FB418003FDC4D /* InviteCardView.swift */; };
		BC5632DE2C625E550044C09E /* buttonView.swift in Sources */ = {isa = PBXBuildFile; fileRef = BC5632DD2C625E550044C09E /* buttonView.swift */; };
		BC5632E02C6264790044C09E /* SucessRedefView.swift in Sources */ = {isa = PBXBuildFile; fileRef = BC5632DF2C6264790044C09E /* SucessRedefView.swift */; };
		BC5632E22C6269230044C09E /* LoginViewModel.swift in Sources */ = {isa = PBXBuildFile; fileRef = BC5632E12C6269230044C09E /* LoginViewModel.swift */; };
		BCC72BBB2C63900200FE3581 /* RegisterViewModel.swift in Sources */ = {isa = PBXBuildFile; fileRef = BCC72BBA2C63900200FE3581 /* RegisterViewModel.swift */; };
		BCC72BBD2C63A70600FE3581 /* RecoverPasswordViewModel.swift in Sources */ = {isa = PBXBuildFile; fileRef = BCC72BBC2C63A70600FE3581 /* RecoverPasswordViewModel.swift */; };
		CE0295262C63C8DA008E1EC7 /* Font+Extension.swift in Sources */ = {isa = PBXBuildFile; fileRef = CE0295252C63C8DA008E1EC7 /* Font+Extension.swift */; };
		CE825DD52C64EE2B0006A3C3 /* Tahoma-Bold.ttf in Resources */ = {isa = PBXBuildFile; fileRef = CE825DD32C64EE2B0006A3C3 /* Tahoma-Bold.ttf */; };
		CE825DD62C64EE2B0006A3C3 /* Tahoma-Regular.ttf in Resources */ = {isa = PBXBuildFile; fileRef = CE825DD42C64EE2B0006A3C3 /* Tahoma-Regular.ttf */; };
		CE825DE32C66584E0006A3C3 /* Calendar.swift in Sources */ = {isa = PBXBuildFile; fileRef = CE825DE22C66584E0006A3C3 /* Calendar.swift */; };
		CE825DE52C665FAD0006A3C3 /* DividerComponent.swift in Sources */ = {isa = PBXBuildFile; fileRef = CE825DE42C665FAD0006A3C3 /* DividerComponent.swift */; };
		CE825DE72C6664DE0006A3C3 /* HomeViewModel.swift in Sources */ = {isa = PBXBuildFile; fileRef = CE825DE62C6664DE0006A3C3 /* HomeViewModel.swift */; };
/* End PBXBuildFile section */

/* Begin PBXFileReference section */
		7F20D42D2C5BC3E4009D2EE5 /* ListUsers.swift */ = {isa = PBXFileReference; lastKnownFileType = sourcecode.swift; path = ListUsers.swift; sourceTree = "<group>"; };
		7FD1C7892C5A71CA00AAF4B5 /* Chat.swift */ = {isa = PBXFileReference; lastKnownFileType = sourcecode.swift; path = Chat.swift; sourceTree = "<group>"; };
		7FD1C78B2C5A728D00AAF4B5 /* ChatMessage.swift */ = {isa = PBXFileReference; lastKnownFileType = sourcecode.swift; path = ChatMessage.swift; sourceTree = "<group>"; };
		7FD1C78D2C5A74B200AAF4B5 /* ChatManager.swift */ = {isa = PBXFileReference; lastKnownFileType = sourcecode.swift; path = ChatManager.swift; sourceTree = "<group>"; };
		816426FC2C5A70EC00B1BD90 /* InviteManager.swift */ = {isa = PBXFileReference; lastKnownFileType = sourcecode.swift; path = InviteManager.swift; sourceTree = "<group>"; };
		816426FE2C5A71A500B1BD90 /* Invite.swift */ = {isa = PBXFileReference; lastKnownFileType = sourcecode.swift; path = Invite.swift; sourceTree = "<group>"; };
		816A951F2C57B63800E881EC /* FeedLabs.app */ = {isa = PBXFileReference; explicitFileType = wrapper.application; includeInIndex = 0; path = FeedLabs.app; sourceTree = BUILT_PRODUCTS_DIR; };
		816A95222C57B63800E881EC /* FeedLabsApp.swift */ = {isa = PBXFileReference; lastKnownFileType = sourcecode.swift; path = FeedLabsApp.swift; sourceTree = "<group>"; };
		816A95242C57B63800E881EC /* ContentView.swift */ = {isa = PBXFileReference; lastKnownFileType = sourcecode.swift; path = ContentView.swift; sourceTree = "<group>"; };
		816A95262C57B63900E881EC /* Assets.xcassets */ = {isa = PBXFileReference; lastKnownFileType = folder.assetcatalog; path = Assets.xcassets; sourceTree = "<group>"; };
		816A95292C57B63900E881EC /* Preview Assets.xcassets */ = {isa = PBXFileReference; lastKnownFileType = folder.assetcatalog; path = "Preview Assets.xcassets"; sourceTree = "<group>"; };
		816A95302C57B6E500E881EC /* GoogleService-Info.plist */ = {isa = PBXFileReference; fileEncoding = 4; lastKnownFileType = text.plist.xml; path = "GoogleService-Info.plist"; sourceTree = "<group>"; };
		816A95412C57BB3B00E881EC /* User.swift */ = {isa = PBXFileReference; fileEncoding = 4; lastKnownFileType = sourcecode.swift; path = User.swift; sourceTree = "<group>"; };
		816A95422C57BB3B00E881EC /* Event.swift */ = {isa = PBXFileReference; fileEncoding = 4; lastKnownFileType = sourcecode.swift; path = Event.swift; sourceTree = "<group>"; };
		816A95452C57BB9D00E881EC /* AuthManager.swift */ = {isa = PBXFileReference; fileEncoding = 4; lastKnownFileType = sourcecode.swift; path = AuthManager.swift; sourceTree = "<group>"; };
		816A95462C57BB9E00E881EC /* EventManager.swift */ = {isa = PBXFileReference; fileEncoding = 4; lastKnownFileType = sourcecode.swift; path = EventManager.swift; sourceTree = "<group>"; };
		816A95472C57BB9E00E881EC /* UserManager.swift */ = {isa = PBXFileReference; fileEncoding = 4; lastKnownFileType = sourcecode.swift; path = UserManager.swift; sourceTree = "<group>"; };
		816A954D2C57BC2600E881EC /* TestHomeView.swift */ = {isa = PBXFileReference; fileEncoding = 4; lastKnownFileType = sourcecode.swift; path = TestHomeView.swift; sourceTree = "<group>"; };
		816A954E2C57BC2600E881EC /* AddEvent.swift */ = {isa = PBXFileReference; fileEncoding = 4; lastKnownFileType = sourcecode.swift; path = AddEvent.swift; sourceTree = "<group>"; };
		816A954F2C57BC2600E881EC /* TestRegisterView.swift */ = {isa = PBXFileReference; fileEncoding = 4; lastKnownFileType = sourcecode.swift; path = TestRegisterView.swift; sourceTree = "<group>"; };
		816A95502C57BC2600E881EC /* TestRoutes.swift */ = {isa = PBXFileReference; fileEncoding = 4; lastKnownFileType = sourcecode.swift; path = TestRoutes.swift; sourceTree = "<group>"; };
		816A95512C57BC2600E881EC /* TestLoginView.swift */ = {isa = PBXFileReference; fileEncoding = 4; lastKnownFileType = sourcecode.swift; path = TestLoginView.swift; sourceTree = "<group>"; };
		818313122C624D630035180F /* AuthRoutes.swift */ = {isa = PBXFileReference; lastKnownFileType = sourcecode.swift; path = AuthRoutes.swift; sourceTree = "<group>"; };
		818313142C6256820035180F /* RecoverPasswordView.swift */ = {isa = PBXFileReference; lastKnownFileType = sourcecode.swift; path = RecoverPasswordView.swift; sourceTree = "<group>"; };
		818313162C62658A0035180F /* PrimaryButton.swift */ = {isa = PBXFileReference; fileEncoding = 4; lastKnownFileType = sourcecode.swift; path = PrimaryButton.swift; sourceTree = "<group>"; };
		81A5C0FE2C63958C00E62D6C /* Team.swift */ = {isa = PBXFileReference; lastKnownFileType = sourcecode.swift; path = Team.swift; sourceTree = "<group>"; };
		81A5C1002C6395A400E62D6C /* TeamCard.swift */ = {isa = PBXFileReference; lastKnownFileType = sourcecode.swift; path = TeamCard.swift; sourceTree = "<group>"; };
		81A5C1022C6395BC00E62D6C /* TeamsViewModel.swift */ = {isa = PBXFileReference; lastKnownFileType = sourcecode.swift; path = TeamsViewModel.swift; sourceTree = "<group>"; };
		81A5C1042C63978500E62D6C /* TeamsManager.swift */ = {isa = PBXFileReference; lastKnownFileType = sourcecode.swift; path = TeamsManager.swift; sourceTree = "<group>"; };
		81A5C1062C63BBDD00E62D6C /* EditTeamView.swift */ = {isa = PBXFileReference; lastKnownFileType = sourcecode.swift; path = EditTeamView.swift; sourceTree = "<group>"; };
		81A7D8162C5D240D00A10630 /* EventCard.swift */ = {isa = PBXFileReference; lastKnownFileType = sourcecode.swift; path = EventCard.swift; sourceTree = "<group>"; };
		81CF08782C61187F00881B21 /* HomeRoutes.swift */ = {isa = PBXFileReference; lastKnownFileType = sourcecode.swift; path = HomeRoutes.swift; sourceTree = "<group>"; };
		81D04DAD2C5BB891001F5C44 /* InviteUsersView.swift */ = {isa = PBXFileReference; lastKnownFileType = sourcecode.swift; path = InviteUsersView.swift; sourceTree = "<group>"; };
		81D5E9ED2C61122400CA1443 /* AuthCoordinator.swift */ = {isa = PBXFileReference; lastKnownFileType = sourcecode.swift; path = AuthCoordinator.swift; sourceTree = "<group>"; };
		81D5E9F32C61131F00CA1443 /* EntryView.swift */ = {isa = PBXFileReference; lastKnownFileType = sourcecode.swift; path = EntryView.swift; sourceTree = "<group>"; };
		81D5E9F72C61150600CA1443 /* HomeView.swift */ = {isa = PBXFileReference; lastKnownFileType = sourcecode.swift; path = HomeView.swift; sourceTree = "<group>"; };
		81D5E9F92C6115C700CA1443 /* LoginView.swift */ = {isa = PBXFileReference; lastKnownFileType = sourcecode.swift; path = LoginView.swift; sourceTree = "<group>"; };
		81D5E9FB2C6115DB00CA1443 /* RegisterView.swift */ = {isa = PBXFileReference; lastKnownFileType = sourcecode.swift; path = RegisterView.swift; sourceTree = "<group>"; };
		81D5E9FF2C6116C400CA1443 /* ChatsView.swift */ = {isa = PBXFileReference; lastKnownFileType = sourcecode.swift; path = ChatsView.swift; sourceTree = "<group>"; };
		81D5EA012C6116D800CA1443 /* TeamsView.swift */ = {isa = PBXFileReference; lastKnownFileType = sourcecode.swift; path = TeamsView.swift; sourceTree = "<group>"; };
		81F68C142C664E3700111585 /* EditTeamViewModel.swift */ = {isa = PBXFileReference; lastKnownFileType = sourcecode.swift; path = EditTeamViewModel.swift; sourceTree = "<group>"; };
		B2358A5D2C6B8FCF00BA0F64 /* InviteMember.swift */ = {isa = PBXFileReference; lastKnownFileType = sourcecode.swift; path = InviteMember.swift; sourceTree = "<group>"; };
		B2358A602C6B8FE900BA0F64 /* UserInviteCard.swift */ = {isa = PBXFileReference; lastKnownFileType = sourcecode.swift; path = UserInviteCard.swift; sourceTree = "<group>"; };
		B2358A622C6BA6CE00BA0F64 /* InviteButton.swift */ = {isa = PBXFileReference; lastKnownFileType = sourcecode.swift; path = InviteButton.swift; sourceTree = "<group>"; };
		B25654BA2C64EAF7005F8CF7 /* ConfirmEvent.swift */ = {isa = PBXFileReference; lastKnownFileType = sourcecode.swift; path = ConfirmEvent.swift; sourceTree = "<group>"; };
		B25654BC2C64EB12005F8CF7 /* SecondaryButton.swift */ = {isa = PBXFileReference; lastKnownFileType = sourcecode.swift; path = SecondaryButton.swift; sourceTree = "<group>"; };
		B25654C12C64FB8B005F8CF7 /* NoEventCard.swift */ = {isa = PBXFileReference; lastKnownFileType = sourcecode.swift; path = NoEventCard.swift; sourceTree = "<group>"; };
		B2C2DA692C6A30C800EF7E75 /* SearchBar.swift */ = {isa = PBXFileReference; lastKnownFileType = sourcecode.swift; path = SearchBar.swift; sourceTree = "<group>"; };
		B2C2DA6B2C6A472A00EF7E75 /* FilterGenericPage.swift */ = {isa = PBXFileReference; lastKnownFileType = sourcecode.swift; path = FilterGenericPage.swift; sourceTree = "<group>"; };
		B2C2DA6F2C6A6A8300EF7E75 /* ChatCard.swift */ = {isa = PBXFileReference; lastKnownFileType = sourcecode.swift; path = ChatCard.swift; sourceTree = "<group>"; };
		B2F56A0D2C6F6B44003FDC4D /* LeaveEvent.swift */ = {isa = PBXFileReference; lastKnownFileType = sourcecode.swift; path = LeaveEvent.swift; sourceTree = "<group>"; };
		B2F56A0F2C6F8C41003FDC4D /* LeaveEventViewModel.swift */ = {isa = PBXFileReference; lastKnownFileType = sourcecode.swift; path = LeaveEventViewModel.swift; sourceTree = "<group>"; };
		B2F56A112C6FB418003FDC4D /* InviteCardView.swift */ = {isa = PBXFileReference; lastKnownFileType = sourcecode.swift; path = InviteCardView.swift; sourceTree = "<group>"; };
		BC5632DD2C625E550044C09E /* buttonView.swift */ = {isa = PBXFileReference; lastKnownFileType = sourcecode.swift; name = buttonView.swift; path = FeedLabs/Features/Login/buttonView.swift; sourceTree = SOURCE_ROOT; };
		BC5632DF2C6264790044C09E /* SucessRedefView.swift */ = {isa = PBXFileReference; lastKnownFileType = sourcecode.swift; path = SucessRedefView.swift; sourceTree = "<group>"; };
		BC5632E12C6269230044C09E /* LoginViewModel.swift */ = {isa = PBXFileReference; lastKnownFileType = sourcecode.swift; path = LoginViewModel.swift; sourceTree = "<group>"; };
		BCC72BBA2C63900200FE3581 /* RegisterViewModel.swift */ = {isa = PBXFileReference; lastKnownFileType = sourcecode.swift; path = RegisterViewModel.swift; sourceTree = "<group>"; };
		BCC72BBC2C63A70600FE3581 /* RecoverPasswordViewModel.swift */ = {isa = PBXFileReference; lastKnownFileType = sourcecode.swift; path = RecoverPasswordViewModel.swift; sourceTree = "<group>"; };
		CE0295252C63C8DA008E1EC7 /* Font+Extension.swift */ = {isa = PBXFileReference; lastKnownFileType = sourcecode.swift; path = "Font+Extension.swift"; sourceTree = "<group>"; };
		CE825DD32C64EE2B0006A3C3 /* Tahoma-Bold.ttf */ = {isa = PBXFileReference; lastKnownFileType = file; path = "Tahoma-Bold.ttf"; sourceTree = "<group>"; };
		CE825DD42C64EE2B0006A3C3 /* Tahoma-Regular.ttf */ = {isa = PBXFileReference; lastKnownFileType = file; path = "Tahoma-Regular.ttf"; sourceTree = "<group>"; };
		CE825DDE2C64F0B20006A3C3 /* Info.plist */ = {isa = PBXFileReference; lastKnownFileType = text.plist; path = Info.plist; sourceTree = "<group>"; };
		CE825DE22C66584E0006A3C3 /* Calendar.swift */ = {isa = PBXFileReference; lastKnownFileType = sourcecode.swift; path = Calendar.swift; sourceTree = "<group>"; };
		CE825DE42C665FAD0006A3C3 /* DividerComponent.swift */ = {isa = PBXFileReference; lastKnownFileType = sourcecode.swift; path = DividerComponent.swift; sourceTree = "<group>"; };
		CE825DE62C6664DE0006A3C3 /* HomeViewModel.swift */ = {isa = PBXFileReference; lastKnownFileType = sourcecode.swift; path = HomeViewModel.swift; sourceTree = "<group>"; };
/* End PBXFileReference section */

/* Begin PBXFrameworksBuildPhase section */
		816A951C2C57B63800E881EC /* Frameworks */ = {
			isa = PBXFrameworksBuildPhase;
			buildActionMask = 2147483647;
			files = (
				816A95362C57B7C700E881EC /* FirebaseDatabase in Frameworks */,
				816A953A2C57B7C700E881EC /* FirebaseStorage in Frameworks */,
				816A95342C57B7C700E881EC /* FirebaseAuth in Frameworks */,
				816A95382C57B7C700E881EC /* FirebaseFirestore in Frameworks */,
			);
			runOnlyForDeploymentPostprocessing = 0;
		};
/* End PBXFrameworksBuildPhase section */

/* Begin PBXGroup section */
		816A95162C57B63800E881EC = {
			isa = PBXGroup;
			children = (
				816A95212C57B63800E881EC /* FeedLabs */,
				816A95202C57B63800E881EC /* Products */,
			);
			sourceTree = "<group>";
		};
		816A95202C57B63800E881EC /* Products */ = {
			isa = PBXGroup;
			children = (
				816A951F2C57B63800E881EC /* FeedLabs.app */,
			);
			name = Products;
			sourceTree = "<group>";
		};
		816A95212C57B63800E881EC /* FeedLabs */ = {
			isa = PBXGroup;
			children = (
				CE825DDE2C64F0B20006A3C3 /* Info.plist */,
				816A95302C57B6E500E881EC /* GoogleService-Info.plist */,
				816A953B2C57B9F000E881EC /* App */,
				816A953C2C57B9F600E881EC /* Assets */,
				816A953E2C57BA3A00E881EC /* Models */,
				816A953F2C57BA4F00E881EC /* Utils */,
				816A953D2C57B9FF00E881EC /* Features */,
				816A95282C57B63900E881EC /* Preview Content */,
				816A95402C57BA6E00E881EC /* Services */,
			);
			path = FeedLabs;
			sourceTree = "<group>";
		};
		816A95282C57B63900E881EC /* Preview Content */ = {
			isa = PBXGroup;
			children = (
				816A95242C57B63800E881EC /* ContentView.swift */,
				816A95292C57B63900E881EC /* Preview Assets.xcassets */,
			);
			path = "Preview Content";
			sourceTree = "<group>";
		};
		816A953B2C57B9F000E881EC /* App */ = {
			isa = PBXGroup;
			children = (
				816A95222C57B63800E881EC /* FeedLabsApp.swift */,
			);
			path = App;
			sourceTree = "<group>";
		};
		816A953C2C57B9F600E881EC /* Assets */ = {
			isa = PBXGroup;
			children = (
				CE02951D2C63C7E3008E1EC7 /* Fonts */,
				816A95262C57B63900E881EC /* Assets.xcassets */,
			);
			path = Assets;
			sourceTree = "<group>";
		};
		816A953D2C57B9FF00E881EC /* Features */ = {
			isa = PBXGroup;
			children = (
				B2358A5C2C6B8FA600BA0F64 /* InviteParticipants */,
				816A95582C57BC4D00E881EC /* Login */,
				81D5E9EA2C60FFA800CA1443 /* Register */,
				81D5E9EB2C60FFB200CA1443 /* Recover Password */,
				81D5E9FD2C61169A00CA1443 /* Teams */,
				816A95572C57BC4200E881EC /* Home */,
				7F20D42D2C5BC3E4009D2EE5 /* ListUsers.swift */,
				81D5E9FE2C6116A700CA1443 /* Chats */,
			);
			path = Features;
			sourceTree = "<group>";
		};
		816A953E2C57BA3A00E881EC /* Models */ = {
			isa = PBXGroup;
			children = (
				816A95412C57BB3B00E881EC /* User.swift */,
				816A95422C57BB3B00E881EC /* Event.swift */,
				7FD1C7892C5A71CA00AAF4B5 /* Chat.swift */,
				7FD1C78B2C5A728D00AAF4B5 /* ChatMessage.swift */,
				816426FE2C5A71A500B1BD90 /* Invite.swift */,
				81A5C0FE2C63958C00E62D6C /* Team.swift */,
				B2F56A0F2C6F8C41003FDC4D /* LeaveEventViewModel.swift */,
			);
			path = Models;
			sourceTree = "<group>";
		};
		816A953F2C57BA4F00E881EC /* Utils */ = {
			isa = PBXGroup;
			children = (
				CE0295242C63C8CA008E1EC7 /* Extension */,
				B2C30FF22C6251570061FA03 /* Styles */,
				816A955B2C57BCA100E881EC /* Navigation */,
			);
			path = Utils;
			sourceTree = "<group>";
		};
		816A95402C57BA6E00E881EC /* Services */ = {
			isa = PBXGroup;
			children = (
				816A95452C57BB9D00E881EC /* AuthManager.swift */,
				816A95462C57BB9E00E881EC /* EventManager.swift */,
				816A95472C57BB9E00E881EC /* UserManager.swift */,
				7FD1C78D2C5A74B200AAF4B5 /* ChatManager.swift */,
				816426FC2C5A70EC00B1BD90 /* InviteManager.swift */,
				81A5C1042C63978500E62D6C /* TeamsManager.swift */,
			);
			path = Services;
			sourceTree = "<group>";
		};
		816A95572C57BC4200E881EC /* Home */ = {
			isa = PBXGroup;
			children = (
				816A95592C57BC6700E881EC /* Components */,
				816A954D2C57BC2600E881EC /* TestHomeView.swift */,
				81D5E9F72C61150600CA1443 /* HomeView.swift */,
				CE825DE62C6664DE0006A3C3 /* HomeViewModel.swift */,
			);
			path = Home;
			sourceTree = "<group>";
		};
		816A95582C57BC4D00E881EC /* Login */ = {
			isa = PBXGroup;
			children = (
				816A955A2C57BC7800E881EC /* Components */,
				816A95512C57BC2600E881EC /* TestLoginView.swift */,
				816A954F2C57BC2600E881EC /* TestRegisterView.swift */,
				81D5E9F32C61131F00CA1443 /* EntryView.swift */,
				81D5E9F92C6115C700CA1443 /* LoginView.swift */,
				BC5632E12C6269230044C09E /* LoginViewModel.swift */,
			);
			path = Login;
			sourceTree = "<group>";
		};
		816A95592C57BC6700E881EC /* Components */ = {
			isa = PBXGroup;
			children = (
				816A954E2C57BC2600E881EC /* AddEvent.swift */,
				81D04DAD2C5BB891001F5C44 /* InviteUsersView.swift */,
				81A7D8162C5D240D00A10630 /* EventCard.swift */,
				B25654BA2C64EAF7005F8CF7 /* ConfirmEvent.swift */,
				CE825DE22C66584E0006A3C3 /* Calendar.swift */,
				CE825DE42C665FAD0006A3C3 /* DividerComponent.swift */,
				B2F56A0D2C6F6B44003FDC4D /* LeaveEvent.swift */,
				B2F56A112C6FB418003FDC4D /* InviteCardView.swift */,
			);
			path = Components;
			sourceTree = "<group>";
		};
		816A955A2C57BC7800E881EC /* Components */ = {
			isa = PBXGroup;
			children = (
				BC5632DD2C625E550044C09E /* buttonView.swift */,
			);
			path = Components;
			sourceTree = "<group>";
		};
		816A955B2C57BCA100E881EC /* Navigation */ = {
			isa = PBXGroup;
			children = (
				816A95502C57BC2600E881EC /* TestRoutes.swift */,
				81D5E9ED2C61122400CA1443 /* AuthCoordinator.swift */,
				81CF08782C61187F00881B21 /* HomeRoutes.swift */,
				818313122C624D630035180F /* AuthRoutes.swift */,
				B2C2DA6B2C6A472A00EF7E75 /* FilterGenericPage.swift */,
			);
			path = Navigation;
			sourceTree = "<group>";
		};
		81A5C0FD2C63956C00E62D6C /* Components */ = {
			isa = PBXGroup;
			children = (
				81A5C1002C6395A400E62D6C /* TeamCard.swift */,
				81A5C1062C63BBDD00E62D6C /* EditTeamView.swift */,
			);
			path = Components;
			sourceTree = "<group>";
		};
		81D5E9EA2C60FFA800CA1443 /* Register */ = {
			isa = PBXGroup;
			children = (
				BCC72BBA2C63900200FE3581 /* RegisterViewModel.swift */,
				81D5E9FB2C6115DB00CA1443 /* RegisterView.swift */,
			);
			path = Register;
			sourceTree = "<group>";
		};
		81D5E9EB2C60FFB200CA1443 /* Recover Password */ = {
			isa = PBXGroup;
			children = (
				818313142C6256820035180F /* RecoverPasswordView.swift */,
				BC5632DF2C6264790044C09E /* SucessRedefView.swift */,
				BCC72BBC2C63A70600FE3581 /* RecoverPasswordViewModel.swift */,
			);
			path = "Recover Password";
			sourceTree = "<group>";
		};
		81D5E9FD2C61169A00CA1443 /* Teams */ = {
			isa = PBXGroup;
			children = (
				81F68C132C664E2000111585 /* Models */,
				81A5C0FD2C63956C00E62D6C /* Components */,
				81D5EA012C6116D800CA1443 /* TeamsView.swift */,
				81A5C1022C6395BC00E62D6C /* TeamsViewModel.swift */,
			);
			path = Teams;
			sourceTree = "<group>";
		};
		81D5E9FE2C6116A700CA1443 /* Chats */ = {
			isa = PBXGroup;
			children = (
				B2C2DA6D2C6A6A6900EF7E75 /* Components */,
				81D5E9FF2C6116C400CA1443 /* ChatsView.swift */,
			);
			path = Chats;
			sourceTree = "<group>";
		};
		81F68C132C664E2000111585 /* Models */ = {
			isa = PBXGroup;
			children = (
				81F68C142C664E3700111585 /* EditTeamViewModel.swift */,
			);
			path = Models;
			sourceTree = "<group>";
		};
		B2358A5C2C6B8FA600BA0F64 /* InviteParticipants */ = {
			isa = PBXGroup;
			children = (
				B2358A5F2C6B8FD400BA0F64 /* Components */,
				B2358A5D2C6B8FCF00BA0F64 /* InviteMember.swift */,
			);
			path = InviteParticipants;
			sourceTree = "<group>";
		};
		B2358A5F2C6B8FD400BA0F64 /* Components */ = {
			isa = PBXGroup;
			children = (
				B2358A602C6B8FE900BA0F64 /* UserInviteCard.swift */,
			);
			path = Components;
			sourceTree = "<group>";
		};
		B2C2DA6D2C6A6A6900EF7E75 /* Components */ = {
			isa = PBXGroup;
			children = (
				B2C2DA6F2C6A6A8300EF7E75 /* ChatCard.swift */,
			);
			path = Components;
			sourceTree = "<group>";
		};
		B2C30FF22C6251570061FA03 /* Styles */ = {
			isa = PBXGroup;
			children = (
				818313162C62658A0035180F /* PrimaryButton.swift */,
				B25654BC2C64EB12005F8CF7 /* SecondaryButton.swift */,
				B25654C12C64FB8B005F8CF7 /* NoEventCard.swift */,
				B2C2DA692C6A30C800EF7E75 /* SearchBar.swift */,
				B2358A622C6BA6CE00BA0F64 /* InviteButton.swift */,
			);
			path = Styles;
			sourceTree = "<group>";
		};
		CE02951D2C63C7E3008E1EC7 /* Fonts */ = {
			isa = PBXGroup;
			children = (
				CE825DD32C64EE2B0006A3C3 /* Tahoma-Bold.ttf */,
				CE825DD42C64EE2B0006A3C3 /* Tahoma-Regular.ttf */,
			);
			path = Fonts;
			sourceTree = "<group>";
		};
		CE0295242C63C8CA008E1EC7 /* Extension */ = {
			isa = PBXGroup;
			children = (
				CE0295252C63C8DA008E1EC7 /* Font+Extension.swift */,
			);
			path = Extension;
			sourceTree = "<group>";
		};
/* End PBXGroup section */

/* Begin PBXNativeTarget section */
		816A951E2C57B63800E881EC /* FeedLabs */ = {
			isa = PBXNativeTarget;
			buildConfigurationList = 816A952D2C57B63900E881EC /* Build configuration list for PBXNativeTarget "FeedLabs" */;
			buildPhases = (
				816A951B2C57B63800E881EC /* Sources */,
				816A951C2C57B63800E881EC /* Frameworks */,
				816A951D2C57B63800E881EC /* Resources */,
			);
			buildRules = (
			);
			dependencies = (
			);
			name = FeedLabs;
			packageProductDependencies = (
				816A95332C57B7C700E881EC /* FirebaseAuth */,
				816A95352C57B7C700E881EC /* FirebaseDatabase */,
				816A95372C57B7C700E881EC /* FirebaseFirestore */,
				816A95392C57B7C700E881EC /* FirebaseStorage */,
			);
			productName = FeedLabs;
			productReference = 816A951F2C57B63800E881EC /* FeedLabs.app */;
			productType = "com.apple.product-type.application";
		};
/* End PBXNativeTarget section */

/* Begin PBXProject section */
		816A95172C57B63800E881EC /* Project object */ = {
			isa = PBXProject;
			attributes = {
				BuildIndependentTargetsInParallel = 1;
				LastSwiftUpdateCheck = 1540;
				LastUpgradeCheck = 1540;
				TargetAttributes = {
					816A951E2C57B63800E881EC = {
						CreatedOnToolsVersion = 15.4;
					};
				};
			};
			buildConfigurationList = 816A951A2C57B63800E881EC /* Build configuration list for PBXProject "FeedLabs" */;
			compatibilityVersion = "Xcode 14.0";
			developmentRegion = en;
			hasScannedForEncodings = 0;
			knownRegions = (
				en,
				Base,
			);
			mainGroup = 816A95162C57B63800E881EC;
			packageReferences = (
				816A95322C57B7C700E881EC /* XCRemoteSwiftPackageReference "firebase-ios-sdk" */,
			);
			productRefGroup = 816A95202C57B63800E881EC /* Products */;
			projectDirPath = "";
			projectRoot = "";
			targets = (
				816A951E2C57B63800E881EC /* FeedLabs */,
			);
		};
/* End PBXProject section */

/* Begin PBXResourcesBuildPhase section */
		816A951D2C57B63800E881EC /* Resources */ = {
			isa = PBXResourcesBuildPhase;
			buildActionMask = 2147483647;
			files = (
				816A952A2C57B63900E881EC /* Preview Assets.xcassets in Resources */,
				816A95312C57B6E500E881EC /* GoogleService-Info.plist in Resources */,
				CE825DD52C64EE2B0006A3C3 /* Tahoma-Bold.ttf in Resources */,
				CE825DD62C64EE2B0006A3C3 /* Tahoma-Regular.ttf in Resources */,
				816A95272C57B63900E881EC /* Assets.xcassets in Resources */,
			);
			runOnlyForDeploymentPostprocessing = 0;
		};
/* End PBXResourcesBuildPhase section */

/* Begin PBXSourcesBuildPhase section */
		816A951B2C57B63800E881EC /* Sources */ = {
			isa = PBXSourcesBuildPhase;
			buildActionMask = 2147483647;
			files = (
				7FD1C78E2C5A74B200AAF4B5 /* ChatManager.swift in Sources */,
				CE825DE52C665FAD0006A3C3 /* DividerComponent.swift in Sources */,
				7FD1C78A2C5A71CA00AAF4B5 /* Chat.swift in Sources */,
				B2F56A102C6F8C41003FDC4D /* LeaveEventViewModel.swift in Sources */,
				B25654BD2C64EB12005F8CF7 /* SecondaryButton.swift in Sources */,
				81D5EA002C6116C400CA1443 /* ChatsView.swift in Sources */,
				816A95492C57BB9E00E881EC /* EventManager.swift in Sources */,
				81A5C1052C63978500E62D6C /* TeamsManager.swift in Sources */,
				81A5C0FF2C63958C00E62D6C /* Team.swift in Sources */,
				816A95542C57BC2600E881EC /* TestRegisterView.swift in Sources */,
				818313152C6256830035180F /* RecoverPasswordView.swift in Sources */,
				81A5C1072C63BBDD00E62D6C /* EditTeamView.swift in Sources */,
				81F68C152C664E3700111585 /* EditTeamViewModel.swift in Sources */,
				B2358A5E2C6B8FCF00BA0F64 /* InviteMember.swift in Sources */,
				816A95442C57BB3B00E881EC /* Event.swift in Sources */,
				B2F56A122C6FB418003FDC4D /* InviteCardView.swift in Sources */,
				B2358A612C6B8FE900BA0F64 /* UserInviteCard.swift in Sources */,
				816A954A2C57BB9E00E881EC /* UserManager.swift in Sources */,
				B2C2DA6C2C6A472A00EF7E75 /* FilterGenericPage.swift in Sources */,
				81A5C1032C6395BC00E62D6C /* TeamsViewModel.swift in Sources */,
				B25654BB2C64EAF7005F8CF7 /* ConfirmEvent.swift in Sources */,
				81A5C1012C6395A400E62D6C /* TeamCard.swift in Sources */,
				816A95252C57B63800E881EC /* ContentView.swift in Sources */,
				BC5632E22C6269230044C09E /* LoginViewModel.swift in Sources */,
				816A95232C57B63800E881EC /* FeedLabsApp.swift in Sources */,
				7F20D42E2C5BC3E4009D2EE5 /* ListUsers.swift in Sources */,
				7FD1C78C2C5A728D00AAF4B5 /* ChatMessage.swift in Sources */,
				816A95562C57BC2600E881EC /* TestLoginView.swift in Sources */,
				816A95522C57BC2600E881EC /* TestHomeView.swift in Sources */,
				81D5E9F42C61131F00CA1443 /* EntryView.swift in Sources */,
				BC5632DE2C625E550044C09E /* buttonView.swift in Sources */,
				81D5E9FA2C6115C700CA1443 /* LoginView.swift in Sources */,
				81D5E9FC2C6115DB00CA1443 /* RegisterView.swift in Sources */,
				CE825DE32C66584E0006A3C3 /* Calendar.swift in Sources */,
				BCC72BBD2C63A70600FE3581 /* RecoverPasswordViewModel.swift in Sources */,
				81A7D8172C5D240D00A10630 /* EventCard.swift in Sources */,
				816A95562C57BC2600E881EC /* TestLoginView.swift in Sources */,
				B25654C22C64FB8B005F8CF7 /* NoEventCard.swift in Sources */,
				B2F56A0E2C6F6B44003FDC4D /* LeaveEvent.swift in Sources */,
				CE0295262C63C8DA008E1EC7 /* Font+Extension.swift in Sources */,
				CE825DE72C6664DE0006A3C3 /* HomeViewModel.swift in Sources */,
				816A95522C57BC2600E881EC /* TestHomeView.swift in Sources */,
				816426FF2C5A71A500B1BD90 /* Invite.swift in Sources */,
				BCC72BBB2C63900200FE3581 /* RegisterViewModel.swift in Sources */,
				816A95532C57BC2600E881EC /* AddEvent.swift in Sources */,
				818313132C624D630035180F /* AuthRoutes.swift in Sources */,
				B2C2DA6A2C6A30C800EF7E75 /* SearchBar.swift in Sources */,
				818313172C62658A0035180F /* PrimaryButton.swift in Sources */,
				81D04DAE2C5BB891001F5C44 /* InviteUsersView.swift in Sources */,
				816426FD2C5A70EC00B1BD90 /* InviteManager.swift in Sources */,
				BC5632E02C6264790044C09E /* SucessRedefView.swift in Sources */,
				81D5E9F82C61150600CA1443 /* HomeView.swift in Sources */,
				816A95552C57BC2600E881EC /* TestRoutes.swift in Sources */,
				816A95432C57BB3B00E881EC /* User.swift in Sources */,
				81CF08792C61187F00881B21 /* HomeRoutes.swift in Sources */,
				81D5E9EE2C61122400CA1443 /* AuthCoordinator.swift in Sources */,
				816A95482C57BB9E00E881EC /* AuthManager.swift in Sources */,
				B2C2DA702C6A6A8300EF7E75 /* ChatCard.swift in Sources */,
				B2358A632C6BA6CE00BA0F64 /* InviteButton.swift in Sources */,
				81D5EA022C6116D800CA1443 /* TeamsView.swift in Sources */,
			);
			runOnlyForDeploymentPostprocessing = 0;
		};
/* End PBXSourcesBuildPhase section */

/* Begin XCBuildConfiguration section */
		816A952B2C57B63900E881EC /* Debug */ = {
			isa = XCBuildConfiguration;
			buildSettings = {
				ALWAYS_SEARCH_USER_PATHS = NO;
				ASSETCATALOG_COMPILER_GENERATE_SWIFT_ASSET_SYMBOL_EXTENSIONS = YES;
				CLANG_ANALYZER_NONNULL = YES;
				CLANG_ANALYZER_NUMBER_OBJECT_CONVERSION = YES_AGGRESSIVE;
				CLANG_CXX_LANGUAGE_STANDARD = "gnu++20";
				CLANG_ENABLE_MODULES = YES;
				CLANG_ENABLE_OBJC_ARC = YES;
				CLANG_ENABLE_OBJC_WEAK = YES;
				CLANG_WARN_BLOCK_CAPTURE_AUTORELEASING = YES;
				CLANG_WARN_BOOL_CONVERSION = YES;
				CLANG_WARN_COMMA = YES;
				CLANG_WARN_CONSTANT_CONVERSION = YES;
				CLANG_WARN_DEPRECATED_OBJC_IMPLEMENTATIONS = YES;
				CLANG_WARN_DIRECT_OBJC_ISA_USAGE = YES_ERROR;
				CLANG_WARN_DOCUMENTATION_COMMENTS = YES;
				CLANG_WARN_EMPTY_BODY = YES;
				CLANG_WARN_ENUM_CONVERSION = YES;
				CLANG_WARN_INFINITE_RECURSION = YES;
				CLANG_WARN_INT_CONVERSION = YES;
				CLANG_WARN_NON_LITERAL_NULL_CONVERSION = YES;
				CLANG_WARN_OBJC_IMPLICIT_RETAIN_SELF = YES;
				CLANG_WARN_OBJC_LITERAL_CONVERSION = YES;
				CLANG_WARN_OBJC_ROOT_CLASS = YES_ERROR;
				CLANG_WARN_QUOTED_INCLUDE_IN_FRAMEWORK_HEADER = YES;
				CLANG_WARN_RANGE_LOOP_ANALYSIS = YES;
				CLANG_WARN_STRICT_PROTOTYPES = YES;
				CLANG_WARN_SUSPICIOUS_MOVE = YES;
				CLANG_WARN_UNGUARDED_AVAILABILITY = YES_AGGRESSIVE;
				CLANG_WARN_UNREACHABLE_CODE = YES;
				CLANG_WARN__DUPLICATE_METHOD_MATCH = YES;
				COPY_PHASE_STRIP = NO;
				DEBUG_INFORMATION_FORMAT = dwarf;
				ENABLE_STRICT_OBJC_MSGSEND = YES;
				ENABLE_TESTABILITY = YES;
				ENABLE_USER_SCRIPT_SANDBOXING = YES;
				GCC_C_LANGUAGE_STANDARD = gnu17;
				GCC_DYNAMIC_NO_PIC = NO;
				GCC_NO_COMMON_BLOCKS = YES;
				GCC_OPTIMIZATION_LEVEL = 0;
				GCC_PREPROCESSOR_DEFINITIONS = (
					"DEBUG=1",
					"$(inherited)",
				);
				GCC_WARN_64_TO_32_BIT_CONVERSION = YES;
				GCC_WARN_ABOUT_RETURN_TYPE = YES_ERROR;
				GCC_WARN_UNDECLARED_SELECTOR = YES;
				GCC_WARN_UNINITIALIZED_AUTOS = YES_AGGRESSIVE;
				GCC_WARN_UNUSED_FUNCTION = YES;
				GCC_WARN_UNUSED_VARIABLE = YES;
				IPHONEOS_DEPLOYMENT_TARGET = 17.5;
				LOCALIZATION_PREFERS_STRING_CATALOGS = YES;
				MTL_ENABLE_DEBUG_INFO = INCLUDE_SOURCE;
				MTL_FAST_MATH = YES;
				ONLY_ACTIVE_ARCH = YES;
				SDKROOT = iphoneos;
				SWIFT_ACTIVE_COMPILATION_CONDITIONS = "DEBUG $(inherited)";
				SWIFT_OPTIMIZATION_LEVEL = "-Onone";
			};
			name = Debug;
		};
		816A952C2C57B63900E881EC /* Release */ = {
			isa = XCBuildConfiguration;
			buildSettings = {
				ALWAYS_SEARCH_USER_PATHS = NO;
				ASSETCATALOG_COMPILER_GENERATE_SWIFT_ASSET_SYMBOL_EXTENSIONS = YES;
				CLANG_ANALYZER_NONNULL = YES;
				CLANG_ANALYZER_NUMBER_OBJECT_CONVERSION = YES_AGGRESSIVE;
				CLANG_CXX_LANGUAGE_STANDARD = "gnu++20";
				CLANG_ENABLE_MODULES = YES;
				CLANG_ENABLE_OBJC_ARC = YES;
				CLANG_ENABLE_OBJC_WEAK = YES;
				CLANG_WARN_BLOCK_CAPTURE_AUTORELEASING = YES;
				CLANG_WARN_BOOL_CONVERSION = YES;
				CLANG_WARN_COMMA = YES;
				CLANG_WARN_CONSTANT_CONVERSION = YES;
				CLANG_WARN_DEPRECATED_OBJC_IMPLEMENTATIONS = YES;
				CLANG_WARN_DIRECT_OBJC_ISA_USAGE = YES_ERROR;
				CLANG_WARN_DOCUMENTATION_COMMENTS = YES;
				CLANG_WARN_EMPTY_BODY = YES;
				CLANG_WARN_ENUM_CONVERSION = YES;
				CLANG_WARN_INFINITE_RECURSION = YES;
				CLANG_WARN_INT_CONVERSION = YES;
				CLANG_WARN_NON_LITERAL_NULL_CONVERSION = YES;
				CLANG_WARN_OBJC_IMPLICIT_RETAIN_SELF = YES;
				CLANG_WARN_OBJC_LITERAL_CONVERSION = YES;
				CLANG_WARN_OBJC_ROOT_CLASS = YES_ERROR;
				CLANG_WARN_QUOTED_INCLUDE_IN_FRAMEWORK_HEADER = YES;
				CLANG_WARN_RANGE_LOOP_ANALYSIS = YES;
				CLANG_WARN_STRICT_PROTOTYPES = YES;
				CLANG_WARN_SUSPICIOUS_MOVE = YES;
				CLANG_WARN_UNGUARDED_AVAILABILITY = YES_AGGRESSIVE;
				CLANG_WARN_UNREACHABLE_CODE = YES;
				CLANG_WARN__DUPLICATE_METHOD_MATCH = YES;
				COPY_PHASE_STRIP = NO;
				DEBUG_INFORMATION_FORMAT = "dwarf-with-dsym";
				ENABLE_NS_ASSERTIONS = NO;
				ENABLE_STRICT_OBJC_MSGSEND = YES;
				ENABLE_USER_SCRIPT_SANDBOXING = YES;
				GCC_C_LANGUAGE_STANDARD = gnu17;
				GCC_NO_COMMON_BLOCKS = YES;
				GCC_WARN_64_TO_32_BIT_CONVERSION = YES;
				GCC_WARN_ABOUT_RETURN_TYPE = YES_ERROR;
				GCC_WARN_UNDECLARED_SELECTOR = YES;
				GCC_WARN_UNINITIALIZED_AUTOS = YES_AGGRESSIVE;
				GCC_WARN_UNUSED_FUNCTION = YES;
				GCC_WARN_UNUSED_VARIABLE = YES;
				IPHONEOS_DEPLOYMENT_TARGET = 17.5;
				LOCALIZATION_PREFERS_STRING_CATALOGS = YES;
				MTL_ENABLE_DEBUG_INFO = NO;
				MTL_FAST_MATH = YES;
				SDKROOT = iphoneos;
				SWIFT_COMPILATION_MODE = wholemodule;
				VALIDATE_PRODUCT = YES;
			};
			name = Release;
		};
		816A952E2C57B63900E881EC /* Debug */ = {
			isa = XCBuildConfiguration;
			buildSettings = {
				ASSETCATALOG_COMPILER_APPICON_NAME = AppIcon;
				ASSETCATALOG_COMPILER_GLOBAL_ACCENT_COLOR_NAME = AccentColor;
				CODE_SIGN_STYLE = Automatic;
				CURRENT_PROJECT_VERSION = 1;
				DEVELOPMENT_ASSET_PATHS = "\"FeedLabs/Preview Content\"";
				DEVELOPMENT_TEAM = PJNHL7RUBH;
				ENABLE_PREVIEWS = YES;
				GENERATE_INFOPLIST_FILE = YES;
				INFOPLIST_FILE = FeedLabs/Info.plist;
				INFOPLIST_KEY_UIApplicationSceneManifest_Generation = YES;
				INFOPLIST_KEY_UIApplicationSupportsIndirectInputEvents = YES;
				INFOPLIST_KEY_UILaunchScreen_Generation = YES;
				INFOPLIST_KEY_UISupportedInterfaceOrientations_iPad = "UIInterfaceOrientationPortrait UIInterfaceOrientationPortraitUpsideDown UIInterfaceOrientationLandscapeLeft UIInterfaceOrientationLandscapeRight";
				INFOPLIST_KEY_UISupportedInterfaceOrientations_iPhone = "UIInterfaceOrientationPortrait UIInterfaceOrientationLandscapeLeft UIInterfaceOrientationLandscapeRight";
				IPHONEOS_DEPLOYMENT_TARGET = 17.0;
				LD_RUNPATH_SEARCH_PATHS = (
					"$(inherited)",
					"@executable_path/Frameworks",
				);
				MARKETING_VERSION = 1.0;
				PRODUCT_BUNDLE_IDENTIFIER = feedlabs.FeedLabs;
				PRODUCT_NAME = "$(TARGET_NAME)";
				SWIFT_EMIT_LOC_STRINGS = YES;
				SWIFT_VERSION = 5.0;
				TARGETED_DEVICE_FAMILY = "1,2";
			};
			name = Debug;
		};
		816A952F2C57B63900E881EC /* Release */ = {
			isa = XCBuildConfiguration;
			buildSettings = {
				ASSETCATALOG_COMPILER_APPICON_NAME = AppIcon;
				ASSETCATALOG_COMPILER_GLOBAL_ACCENT_COLOR_NAME = AccentColor;
				CODE_SIGN_STYLE = Automatic;
				CURRENT_PROJECT_VERSION = 1;
				DEVELOPMENT_ASSET_PATHS = "\"FeedLabs/Preview Content\"";
				DEVELOPMENT_TEAM = PJNHL7RUBH;
				ENABLE_PREVIEWS = YES;
				GENERATE_INFOPLIST_FILE = YES;
				INFOPLIST_FILE = FeedLabs/Info.plist;
				INFOPLIST_KEY_UIApplicationSceneManifest_Generation = YES;
				INFOPLIST_KEY_UIApplicationSupportsIndirectInputEvents = YES;
				INFOPLIST_KEY_UILaunchScreen_Generation = YES;
				INFOPLIST_KEY_UISupportedInterfaceOrientations_iPad = "UIInterfaceOrientationPortrait UIInterfaceOrientationPortraitUpsideDown UIInterfaceOrientationLandscapeLeft UIInterfaceOrientationLandscapeRight";
				INFOPLIST_KEY_UISupportedInterfaceOrientations_iPhone = "UIInterfaceOrientationPortrait UIInterfaceOrientationLandscapeLeft UIInterfaceOrientationLandscapeRight";
				IPHONEOS_DEPLOYMENT_TARGET = 17.0;
				LD_RUNPATH_SEARCH_PATHS = (
					"$(inherited)",
					"@executable_path/Frameworks",
				);
				MARKETING_VERSION = 1.0;
				PRODUCT_BUNDLE_IDENTIFIER = feedlabs.FeedLabs;
				PRODUCT_NAME = "$(TARGET_NAME)";
				SWIFT_EMIT_LOC_STRINGS = YES;
				SWIFT_VERSION = 5.0;
				TARGETED_DEVICE_FAMILY = "1,2";
			};
			name = Release;
		};
/* End XCBuildConfiguration section */

/* Begin XCConfigurationList section */
		816A951A2C57B63800E881EC /* Build configuration list for PBXProject "FeedLabs" */ = {
			isa = XCConfigurationList;
			buildConfigurations = (
				816A952B2C57B63900E881EC /* Debug */,
				816A952C2C57B63900E881EC /* Release */,
			);
			defaultConfigurationIsVisible = 0;
			defaultConfigurationName = Release;
		};
		816A952D2C57B63900E881EC /* Build configuration list for PBXNativeTarget "FeedLabs" */ = {
			isa = XCConfigurationList;
			buildConfigurations = (
				816A952E2C57B63900E881EC /* Debug */,
				816A952F2C57B63900E881EC /* Release */,
			);
			defaultConfigurationIsVisible = 0;
			defaultConfigurationName = Release;
		};
/* End XCConfigurationList section */

/* Begin XCRemoteSwiftPackageReference section */
		816A95322C57B7C700E881EC /* XCRemoteSwiftPackageReference "firebase-ios-sdk" */ = {
			isa = XCRemoteSwiftPackageReference;
			repositoryURL = "https://github.com/firebase/firebase-ios-sdk.git";
			requirement = {
				kind = upToNextMajorVersion;
				minimumVersion = 10.29.0;
			};
		};
/* End XCRemoteSwiftPackageReference section */

/* Begin XCSwiftPackageProductDependency section */
		816A95332C57B7C700E881EC /* FirebaseAuth */ = {
			isa = XCSwiftPackageProductDependency;
			package = 816A95322C57B7C700E881EC /* XCRemoteSwiftPackageReference "firebase-ios-sdk" */;
			productName = FirebaseAuth;
		};
		816A95352C57B7C700E881EC /* FirebaseDatabase */ = {
			isa = XCSwiftPackageProductDependency;
			package = 816A95322C57B7C700E881EC /* XCRemoteSwiftPackageReference "firebase-ios-sdk" */;
			productName = FirebaseDatabase;
		};
		816A95372C57B7C700E881EC /* FirebaseFirestore */ = {
			isa = XCSwiftPackageProductDependency;
			package = 816A95322C57B7C700E881EC /* XCRemoteSwiftPackageReference "firebase-ios-sdk" */;
			productName = FirebaseFirestore;
		};
		816A95392C57B7C700E881EC /* FirebaseStorage */ = {
			isa = XCSwiftPackageProductDependency;
			package = 816A95322C57B7C700E881EC /* XCRemoteSwiftPackageReference "firebase-ios-sdk" */;
			productName = FirebaseStorage;
		};
/* End XCSwiftPackageProductDependency section */
	};
	rootObject = 816A95172C57B63800E881EC /* Project object */;
}
